// !$*UTF8*$!
{
	archiveVersion = 1;
	classes = {
	};
	objectVersion = 56;
	objects = {

/* Begin PBXBuildFile section */
		F36B9DF02A8E81F600BC9712 /* AppDelegate.swift in Sources */ = {isa = PBXBuildFile; fileRef = F36B9DEF2A8E81F600BC9712 /* AppDelegate.swift */; };
		F36B9DF22A8E81F600BC9712 /* SceneDelegate.swift in Sources */ = {isa = PBXBuildFile; fileRef = F36B9DF12A8E81F600BC9712 /* SceneDelegate.swift */; };
		F36B9DF42A8E81F600BC9712 /* GameController.swift in Sources */ = {isa = PBXBuildFile; fileRef = F36B9DF32A8E81F600BC9712 /* GameController.swift */; };
		F36B9DF92A8E81F900BC9712 /* Assets.xcassets in Resources */ = {isa = PBXBuildFile; fileRef = F36B9DF82A8E81F900BC9712 /* Assets.xcassets */; };
		F36B9DFC2A8E81F900BC9712 /* LaunchScreen.storyboard in Resources */ = {isa = PBXBuildFile; fileRef = F36B9DFA2A8E81F900BC9712 /* LaunchScreen.storyboard */; };
		F36B9E0B2A8E82E600BC9712 /* GameModel.swift in Sources */ = {isa = PBXBuildFile; fileRef = F36B9E0A2A8E82E600BC9712 /* GameModel.swift */; };
		F36B9E0D2A8E82ED00BC9712 /* WheelSection.swift in Sources */ = {isa = PBXBuildFile; fileRef = F36B9E0C2A8E82ED00BC9712 /* WheelSection.swift */; };
		F36B9E0F2A8E82F600BC9712 /* WheelView.swift in Sources */ = {isa = PBXBuildFile; fileRef = F36B9E0E2A8E82F600BC9712 /* WheelView.swift */; };
		F36B9E112A8E82FF00BC9712 /* WheelAnimation.swift in Sources */ = {isa = PBXBuildFile; fileRef = F36B9E102A8E82FF00BC9712 /* WheelAnimation.swift */; };
		F36B9E132A8E831C00BC9712 /* UserDefaultsHelper.swift in Sources */ = {isa = PBXBuildFile; fileRef = F36B9E122A8E831C00BC9712 /* UserDefaultsHelper.swift */; };
/* End PBXBuildFile section */

/* Begin PBXFileReference section */
		F36B9DEC2A8E81F600BC9712 /* WheelOfFortune.app */ = {isa = PBXFileReference; explicitFileType = wrapper.application; includeInIndex = 0; path = WheelOfFortune.app; sourceTree = BUILT_PRODUCTS_DIR; };
		F36B9DEF2A8E81F600BC9712 /* AppDelegate.swift */ = {isa = PBXFileReference; lastKnownFileType = sourcecode.swift; path = AppDelegate.swift; sourceTree = "<group>"; };
		F36B9DF12A8E81F600BC9712 /* SceneDelegate.swift */ = {isa = PBXFileReference; lastKnownFileType = sourcecode.swift; path = SceneDelegate.swift; sourceTree = "<group>"; };
		F36B9DF32A8E81F600BC9712 /* GameController.swift */ = {isa = PBXFileReference; lastKnownFileType = sourcecode.swift; path = GameController.swift; sourceTree = "<group>"; };
		F36B9DF82A8E81F900BC9712 /* Assets.xcassets */ = {isa = PBXFileReference; lastKnownFileType = folder.assetcatalog; path = Assets.xcassets; sourceTree = "<group>"; };
		F36B9DFB2A8E81F900BC9712 /* Base */ = {isa = PBXFileReference; lastKnownFileType = file.storyboard; name = Base; path = Base.lproj/LaunchScreen.storyboard; sourceTree = "<group>"; };
		F36B9DFD2A8E81F900BC9712 /* Info.plist */ = {isa = PBXFileReference; lastKnownFileType = text.plist.xml; path = Info.plist; sourceTree = "<group>"; };
		F36B9E0A2A8E82E600BC9712 /* GameModel.swift */ = {isa = PBXFileReference; lastKnownFileType = sourcecode.swift; path = GameModel.swift; sourceTree = "<group>"; };
		F36B9E0C2A8E82ED00BC9712 /* WheelSection.swift */ = {isa = PBXFileReference; lastKnownFileType = sourcecode.swift; path = WheelSection.swift; sourceTree = "<group>"; };
		F36B9E0E2A8E82F600BC9712 /* WheelView.swift */ = {isa = PBXFileReference; lastKnownFileType = sourcecode.swift; path = WheelView.swift; sourceTree = "<group>"; };
		F36B9E102A8E82FF00BC9712 /* WheelAnimation.swift */ = {isa = PBXFileReference; lastKnownFileType = sourcecode.swift; path = WheelAnimation.swift; sourceTree = "<group>"; };
		F36B9E122A8E831C00BC9712 /* UserDefaultsHelper.swift */ = {isa = PBXFileReference; lastKnownFileType = sourcecode.swift; path = UserDefaultsHelper.swift; sourceTree = "<group>"; };
/* End PBXFileReference section */

/* Begin PBXFrameworksBuildPhase section */
		F36B9DE92A8E81F600BC9712 /* Frameworks */ = {
			isa = PBXFrameworksBuildPhase;
			buildActionMask = 2147483647;
			files = (
			);
			runOnlyForDeploymentPostprocessing = 0;
		};
/* End PBXFrameworksBuildPhase section */

/* Begin PBXGroup section */
		F36B9DE32A8E81F600BC9712 = {
			isa = PBXGroup;
			children = (
				F36B9DEE2A8E81F600BC9712 /* WheelOfFortune */,
				F36B9E032A8E825600BC9712 /* SupportingFile */,
				F36B9DED2A8E81F600BC9712 /* Products */,
			);
			sourceTree = "<group>";
		};
		F36B9DED2A8E81F600BC9712 /* Products */ = {
			isa = PBXGroup;
			children = (
				F36B9DEC2A8E81F600BC9712 /* WheelOfFortune.app */,
			);
			name = Products;
			sourceTree = "<group>";
		};
		F36B9DEE2A8E81F600BC9712 /* WheelOfFortune */ = {
			isa = PBXGroup;
			children = (
				F36B9E052A8E828600BC9712 /* Modules */,
				F36B9E042A8E827800BC9712 /* Assets */,
			);
			path = WheelOfFortune;
			sourceTree = "<group>";
		};
		F36B9E032A8E825600BC9712 /* SupportingFile */ = {
			isa = PBXGroup;
			children = (
				F36B9DEF2A8E81F600BC9712 /* AppDelegate.swift */,
				F36B9DF12A8E81F600BC9712 /* SceneDelegate.swift */,
				F36B9DFA2A8E81F900BC9712 /* LaunchScreen.storyboard */,
				F36B9DFD2A8E81F900BC9712 /* Info.plist */,
			);
			path = SupportingFile;
			sourceTree = "<group>";
		};
		F36B9E042A8E827800BC9712 /* Assets */ = {
			isa = PBXGroup;
			children = (
				F36B9DF82A8E81F900BC9712 /* Assets.xcassets */,
			);
			path = Assets;
			sourceTree = "<group>";
		};
		F36B9E052A8E828600BC9712 /* Modules */ = {
			isa = PBXGroup;
			children = (
				F36B9DF32A8E81F600BC9712 /* GameController.swift */,
				F36B9E092A8E82CA00BC9712 /* Models */,
				F36B9E082A8E82C600BC9712 /* View */,
				F36B9E072A8E82C000BC9712 /* Animatios */,
				F36B9E062A8E82B700BC9712 /* Helpers */,
			);
			name = Modules;
			sourceTree = "<group>";
		};
		F36B9E062A8E82B700BC9712 /* Helpers */ = {
			isa = PBXGroup;
			children = (
				F36B9E122A8E831C00BC9712 /* UserDefaultsHelper.swift */,
			);
			name = Helpers;
			sourceTree = "<group>";
		};
		F36B9E072A8E82C000BC9712 /* Animatios */ = {
			isa = PBXGroup;
			children = (
				F36B9E102A8E82FF00BC9712 /* WheelAnimation.swift */,
			);
			name = Animatios;
			sourceTree = "<group>";
		};
		F36B9E082A8E82C600BC9712 /* View */ = {
			isa = PBXGroup;
			children = (
				F36B9E0E2A8E82F600BC9712 /* WheelView.swift */,
			);
			name = View;
			sourceTree = "<group>";
		};
		F36B9E092A8E82CA00BC9712 /* Models */ = {
			isa = PBXGroup;
			children = (
				F36B9E0A2A8E82E600BC9712 /* GameModel.swift */,
				F36B9E0C2A8E82ED00BC9712 /* WheelSection.swift */,
			);
			name = Models;
			sourceTree = "<group>";
		};
/* End PBXGroup section */

/* Begin PBXNativeTarget section */
		F36B9DEB2A8E81F600BC9712 /* WheelOfFortune */ = {
			isa = PBXNativeTarget;
			buildConfigurationList = F36B9E002A8E81F900BC9712 /* Build configuration list for PBXNativeTarget "WheelOfFortune" */;
			buildPhases = (
				F36B9DE82A8E81F600BC9712 /* Sources */,
				F36B9DE92A8E81F600BC9712 /* Frameworks */,
				F36B9DEA2A8E81F600BC9712 /* Resources */,
			);
			buildRules = (
			);
			dependencies = (
			);
			name = WheelOfFortune;
			productName = WheelOfFortune;
			productReference = F36B9DEC2A8E81F600BC9712 /* WheelOfFortune.app */;
			productType = "com.apple.product-type.application";
		};
/* End PBXNativeTarget section */

/* Begin PBXProject section */
		F36B9DE42A8E81F600BC9712 /* Project object */ = {
			isa = PBXProject;
			attributes = {
				BuildIndependentTargetsInParallel = 1;
				LastSwiftUpdateCheck = 1430;
				LastUpgradeCheck = 1430;
				TargetAttributes = {
					F36B9DEB2A8E81F600BC9712 = {
						CreatedOnToolsVersion = 14.3;
					};
				};
			};
			buildConfigurationList = F36B9DE72A8E81F600BC9712 /* Build configuration list for PBXProject "WheelOfFortune" */;
			compatibilityVersion = "Xcode 14.0";
			developmentRegion = en;
			hasScannedForEncodings = 0;
			knownRegions = (
				en,
				Base,
			);
			mainGroup = F36B9DE32A8E81F600BC9712;
			productRefGroup = F36B9DED2A8E81F600BC9712 /* Products */;
			projectDirPath = "";
			projectRoot = "";
			targets = (
				F36B9DEB2A8E81F600BC9712 /* WheelOfFortune */,
			);
		};
/* End PBXProject section */

/* Begin PBXResourcesBuildPhase section */
		F36B9DEA2A8E81F600BC9712 /* Resources */ = {
			isa = PBXResourcesBuildPhase;
			buildActionMask = 2147483647;
			files = (
				F36B9DFC2A8E81F900BC9712 /* LaunchScreen.storyboard in Resources */,
				F36B9DF92A8E81F900BC9712 /* Assets.xcassets in Resources */,
			);
			runOnlyForDeploymentPostprocessing = 0;
		};
/* End PBXResourcesBuildPhase section */

/* Begin PBXSourcesBuildPhase section */
		F36B9DE82A8E81F600BC9712 /* Sources */ = {
			isa = PBXSourcesBuildPhase;
			buildActionMask = 2147483647;
			files = (
				F36B9E112A8E82FF00BC9712 /* WheelAnimation.swift in Sources */,
				F36B9E0F2A8E82F600BC9712 /* WheelView.swift in Sources */,
				F36B9E132A8E831C00BC9712 /* UserDefaultsHelper.swift in Sources */,
				F36B9DF42A8E81F600BC9712 /* GameController.swift in Sources */,
				F36B9E0B2A8E82E600BC9712 /* GameModel.swift in Sources */,
				F36B9DF02A8E81F600BC9712 /* AppDelegate.swift in Sources */,
				F36B9DF22A8E81F600BC9712 /* SceneDelegate.swift in Sources */,
				F36B9E0D2A8E82ED00BC9712 /* WheelSection.swift in Sources */,
			);
			runOnlyForDeploymentPostprocessing = 0;
		};
/* End PBXSourcesBuildPhase section */

/* Begin PBXVariantGroup section */
		F36B9DFA2A8E81F900BC9712 /* LaunchScreen.storyboard */ = {
			isa = PBXVariantGroup;
			children = (
				F36B9DFB2A8E81F900BC9712 /* Base */,
			);
			name = LaunchScreen.storyboard;
			sourceTree = "<group>";
		};
/* End PBXVariantGroup section */

/* Begin XCBuildConfiguration section */
		F36B9DFE2A8E81F900BC9712 /* Debug */ = {
			isa = XCBuildConfiguration;
			buildSettings = {
				ALWAYS_SEARCH_USER_PATHS = NO;
				CLANG_ANALYZER_NONNULL = YES;
				CLANG_ANALYZER_NUMBER_OBJECT_CONVERSION = YES_AGGRESSIVE;
				CLANG_CXX_LANGUAGE_STANDARD = "gnu++20";
				CLANG_ENABLE_MODULES = YES;
				CLANG_ENABLE_OBJC_ARC = YES;
				CLANG_ENABLE_OBJC_WEAK = YES;
				CLANG_WARN_BLOCK_CAPTURE_AUTORELEASING = YES;
				CLANG_WARN_BOOL_CONVERSION = YES;
				CLANG_WARN_COMMA = YES;
				CLANG_WARN_CONSTANT_CONVERSION = YES;
				CLANG_WARN_DEPRECATED_OBJC_IMPLEMENTATIONS = YES;
				CLANG_WARN_DIRECT_OBJC_ISA_USAGE = YES_ERROR;
				CLANG_WARN_DOCUMENTATION_COMMENTS = YES;
				CLANG_WARN_EMPTY_BODY = YES;
				CLANG_WARN_ENUM_CONVERSION = YES;
				CLANG_WARN_INFINITE_RECURSION = YES;
				CLANG_WARN_INT_CONVERSION = YES;
				CLANG_WARN_NON_LITERAL_NULL_CONVERSION = YES;
				CLANG_WARN_OBJC_IMPLICIT_RETAIN_SELF = YES;
				CLANG_WARN_OBJC_LITERAL_CONVERSION = YES;
				CLANG_WARN_OBJC_ROOT_CLASS = YES_ERROR;
				CLANG_WARN_QUOTED_INCLUDE_IN_FRAMEWORK_HEADER = YES;
				CLANG_WARN_RANGE_LOOP_ANALYSIS = YES;
				CLANG_WARN_STRICT_PROTOTYPES = YES;
				CLANG_WARN_SUSPICIOUS_MOVE = YES;
				CLANG_WARN_UNGUARDED_AVAILABILITY = YES_AGGRESSIVE;
				CLANG_WARN_UNREACHABLE_CODE = YES;
				CLANG_WARN__DUPLICATE_METHOD_MATCH = YES;
				COPY_PHASE_STRIP = NO;
				DEBUG_INFORMATION_FORMAT = dwarf;
				ENABLE_STRICT_OBJC_MSGSEND = YES;
				ENABLE_TESTABILITY = YES;
				GCC_C_LANGUAGE_STANDARD = gnu11;
				GCC_DYNAMIC_NO_PIC = NO;
				GCC_NO_COMMON_BLOCKS = YES;
				GCC_OPTIMIZATION_LEVEL = 0;
				GCC_PREPROCESSOR_DEFINITIONS = (
					"DEBUG=1",
					"$(inherited)",
				);
				GCC_WARN_64_TO_32_BIT_CONVERSION = YES;
				GCC_WARN_ABOUT_RETURN_TYPE = YES_ERROR;
				GCC_WARN_UNDECLARED_SELECTOR = YES;
				GCC_WARN_UNINITIALIZED_AUTOS = YES_AGGRESSIVE;
				GCC_WARN_UNUSED_FUNCTION = YES;
				GCC_WARN_UNUSED_VARIABLE = YES;
				IPHONEOS_DEPLOYMENT_TARGET = 16.4;
				MTL_ENABLE_DEBUG_INFO = INCLUDE_SOURCE;
				MTL_FAST_MATH = YES;
				ONLY_ACTIVE_ARCH = YES;
				SDKROOT = iphoneos;
				SWIFT_ACTIVE_COMPILATION_CONDITIONS = DEBUG;
				SWIFT_OPTIMIZATION_LEVEL = "-Onone";
			};
			name = Debug;
		};
		F36B9DFF2A8E81F900BC9712 /* Release */ = {
			isa = XCBuildConfiguration;
			buildSettings = {
				ALWAYS_SEARCH_USER_PATHS = NO;
				CLANG_ANALYZER_NONNULL = YES;
				CLANG_ANALYZER_NUMBER_OBJECT_CONVERSION = YES_AGGRESSIVE;
				CLANG_CXX_LANGUAGE_STANDARD = "gnu++20";
				CLANG_ENABLE_MODULES = YES;
				CLANG_ENABLE_OBJC_ARC = YES;
				CLANG_ENABLE_OBJC_WEAK = YES;
				CLANG_WARN_BLOCK_CAPTURE_AUTORELEASING = YES;
				CLANG_WARN_BOOL_CONVERSION = YES;
				CLANG_WARN_COMMA = YES;
				CLANG_WARN_CONSTANT_CONVERSION = YES;
				CLANG_WARN_DEPRECATED_OBJC_IMPLEMENTATIONS = YES;
				CLANG_WARN_DIRECT_OBJC_ISA_USAGE = YES_ERROR;
				CLANG_WARN_DOCUMENTATION_COMMENTS = YES;
				CLANG_WARN_EMPTY_BODY = YES;
				CLANG_WARN_ENUM_CONVERSION = YES;
				CLANG_WARN_INFINITE_RECURSION = YES;
				CLANG_WARN_INT_CONVERSION = YES;
				CLANG_WARN_NON_LITERAL_NULL_CONVERSION = YES;
				CLANG_WARN_OBJC_IMPLICIT_RETAIN_SELF = YES;
				CLANG_WARN_OBJC_LITERAL_CONVERSION = YES;
				CLANG_WARN_OBJC_ROOT_CLASS = YES_ERROR;
				CLANG_WARN_QUOTED_INCLUDE_IN_FRAMEWORK_HEADER = YES;
				CLANG_WARN_RANGE_LOOP_ANALYSIS = YES;
				CLANG_WARN_STRICT_PROTOTYPES = YES;
				CLANG_WARN_SUSPICIOUS_MOVE = YES;
				CLANG_WARN_UNGUARDED_AVAILABILITY = YES_AGGRESSIVE;
				CLANG_WARN_UNREACHABLE_CODE = YES;
				CLANG_WARN__DUPLICATE_METHOD_MATCH = YES;
				COPY_PHASE_STRIP = NO;
				DEBUG_INFORMATION_FORMAT = "dwarf-with-dsym";
				ENABLE_NS_ASSERTIONS = NO;
				ENABLE_STRICT_OBJC_MSGSEND = YES;
				GCC_C_LANGUAGE_STANDARD = gnu11;
				GCC_NO_COMMON_BLOCKS = YES;
				GCC_WARN_64_TO_32_BIT_CONVERSION = YES;
				GCC_WARN_ABOUT_RETURN_TYPE = YES_ERROR;
				GCC_WARN_UNDECLARED_SELECTOR = YES;
				GCC_WARN_UNINITIALIZED_AUTOS = YES_AGGRESSIVE;
				GCC_WARN_UNUSED_FUNCTION = YES;
				GCC_WARN_UNUSED_VARIABLE = YES;
				IPHONEOS_DEPLOYMENT_TARGET = 16.4;
				MTL_ENABLE_DEBUG_INFO = NO;
				MTL_FAST_MATH = YES;
				SDKROOT = iphoneos;
				SWIFT_COMPILATION_MODE = wholemodule;
				SWIFT_OPTIMIZATION_LEVEL = "-O";
				VALIDATE_PRODUCT = YES;
			};
			name = Release;
		};
		F36B9E012A8E81F900BC9712 /* Debug */ = {
			isa = XCBuildConfiguration;
			buildSettings = {
				ASSETCATALOG_COMPILER_APPICON_NAME = AppIcon;
				ASSETCATALOG_COMPILER_GLOBAL_ACCENT_COLOR_NAME = AccentColor;
				CODE_SIGN_STYLE = Automatic;
				CURRENT_PROJECT_VERSION = 1;
				DEVELOPMENT_TEAM = FW35WTFTTY;
				GENERATE_INFOPLIST_FILE = YES;
				INFOPLIST_FILE = SupportingFile/Info.plist;
				INFOPLIST_KEY_UIApplicationSupportsIndirectInputEvents = YES;
				INFOPLIST_KEY_UILaunchStoryboardName = LaunchScreen;
				INFOPLIST_KEY_UIMainStoryboardFile = "";
				INFOPLIST_KEY_UISupportedInterfaceOrientations = UIInterfaceOrientationPortrait;
				LD_RUNPATH_SEARCH_PATHS = (
					"$(inherited)",
					"@executable_path/Frameworks",
				);
				MARKETING_VERSION = 1.0;
				PRODUCT_BUNDLE_IDENTIFIER = my.com.organization.WheelOfFortune;
				PRODUCT_NAME = "$(TARGET_NAME)";
				SUPPORTED_PLATFORMS = "iphoneos iphonesimulator";
				SUPPORTS_MACCATALYST = NO;
				SUPPORTS_MAC_DESIGNED_FOR_IPHONE_IPAD = NO;
				SWIFT_EMIT_LOC_STRINGS = YES;
				SWIFT_VERSION = 5.0;
				TARGETED_DEVICE_FAMILY = "1,2";
			};
			name = Debug;
		};
		F36B9E022A8E81F900BC9712 /* Release */ = {
			isa = XCBuildConfiguration;
			buildSettings = {
				ASSETCATALOG_COMPILER_APPICON_NAME = AppIcon;
				ASSETCATALOG_COMPILER_GLOBAL_ACCENT_COLOR_NAME = AccentColor;
				CODE_SIGN_STYLE = Automatic;
				CURRENT_PROJECT_VERSION = 1;
				DEVELOPMENT_TEAM = FW35WTFTTY;
				GENERATE_INFOPLIST_FILE = YES;
				INFOPLIST_FILE = SupportingFile/Info.plist;
				INFOPLIST_KEY_UIApplicationSupportsIndirectInputEvents = YES;
				INFOPLIST_KEY_UILaunchStoryboardName = LaunchScreen;
				INFOPLIST_KEY_UIMainStoryboardFile = "";
				INFOPLIST_KEY_UISupportedInterfaceOrientations = UIInterfaceOrientationPortrait;
				LD_RUNPATH_SEARCH_PATHS = (
					"$(inherited)",
					"@executable_path/Frameworks",
				);
				MARKETING_VERSION = 1.0;
				PRODUCT_BUNDLE_IDENTIFIER = my.com.organization.WheelOfFortune;
				PRODUCT_NAME = "$(TARGET_NAME)";
				SUPPORTED_PLATFORMS = "iphoneos iphonesimulator";
				SUPPORTS_MACCATALYST = NO;
				SUPPORTS_MAC_DESIGNED_FOR_IPHONE_IPAD = NO;
				SWIFT_EMIT_LOC_STRINGS = YES;
				SWIFT_VERSION = 5.0;
				TARGETED_DEVICE_FAMILY = "1,2";
			};
			name = Release;
		};
/* End XCBuildConfiguration section */

/* Begin XCConfigurationList section */
		F36B9DE72A8E81F600BC9712 /* Build configuration list for PBXProject "WheelOfFortune" */ = {
			isa = XCConfigurationList;
			buildConfigurations = (
				F36B9DFE2A8E81F900BC9712 /* Debug */,
				F36B9DFF2A8E81F900BC9712 /* Release */,
			);
			defaultConfigurationIsVisible = 0;
			defaultConfigurationName = Release;
		};
		F36B9E002A8E81F900BC9712 /* Build configuration list for PBXNativeTarget "WheelOfFortune" */ = {
			isa = XCConfigurationList;
			buildConfigurations = (
				F36B9E012A8E81F900BC9712 /* Debug */,
				F36B9E022A8E81F900BC9712 /* Release */,
			);
			defaultConfigurationIsVisible = 0;
			defaultConfigurationName = Release;
		};
/* End XCConfigurationList section */
	};
	rootObject = F36B9DE42A8E81F600BC9712 /* Project object */;
}
